
Microsoft Visual Studio Solution File, Format Version 12.00
# Visual Studio Version 16
VisualStudioVersion = 16.0.29509.3
MinimumVisualStudioVersion = 10.0.40219.1
Project("{9A19103F-16F7-4668-BE54-9A1E7A4F7556}") = "MessageBird", "MessageBird\MessageBird.csproj", "{C49CD3F8-BCDB-4BA9-B817-6A6C65452510}"
EndProject
Project("{9A19103F-16F7-4668-BE54-9A1E7A4F7556}") = "Examples", "Examples\Examples.csproj", "{1D9AB2DA-2C83-4F75-9499-8335AB3F7BB8}"
EndProject
Project("{9A19103F-16F7-4668-BE54-9A1E7A4F7556}") = "MessageBirdUnitTests", "Tests\UnitTests\MessageBirdUnitTests\MessageBirdUnitTests.csproj", "{4ED5A074-191B-4C07-BB5B-E3060E6F7720}"
EndProject
Project("{2150E333-8FDC-42A3-9474-1A3956D46DE8}") = ".nuget", ".nuget", "{25EE7FD1-9433-4EEE-99F3-A8344DF7AC6F}"
	ProjectSection(SolutionItems) = preProject
		.nuget\NuGet.Config = .nuget\NuGet.Config
		.nuget\NuGet.exe = .nuget\NuGet.exe
		.nuget\NuGet.targets = .nuget\NuGet.targets
	EndProjectSection
EndProject
Project("{9A19103F-16F7-4668-BE54-9A1E7A4F7556}") = "BimaTest0", "BimaTest0\BimaTest0.csproj", "{FFCCBA78-489B-4D81-991E-1A508A77790A}"
	ProjectSection(ProjectDependencies) = postProject
		{C49CD3F8-BCDB-4BA9-B817-6A6C65452510} = {C49CD3F8-BCDB-4BA9-B817-6A6C65452510}
	EndProjectSection
EndProject
Project("{FAE04EC0-301F-11D3-BF4B-00C04F79EFBC}") = "BimaBird", "BimaBird\BimaBird.csproj", "{F5F11478-D7CF-4FC4-9B87-02990D0D15C7}"
	ProjectSection(ProjectDependencies) = postProject
		{C49CD3F8-BCDB-4BA9-B817-6A6C65452510} = {C49CD3F8-BCDB-4BA9-B817-6A6C65452510}
	EndProjectSection
EndProject
Global
	GlobalSection(SolutionConfigurationPlatforms) = preSolution
		Debug|Any CPU = Debug|Any CPU
		Release|Any CPU = Release|Any CPU
	EndGlobalSection
	GlobalSection(ProjectConfigurationPlatforms) = postSolution
		{C49CD3F8-BCDB-4BA9-B817-6A6C65452510}.Debug|Any CPU.ActiveCfg = Debug|Any CPU
		{C49CD3F8-BCDB-4BA9-B817-6A6C65452510}.Debug|Any CPU.Build.0 = Debug|Any CPU
		{C49CD3F8-BCDB-4BA9-B817-6A6C65452510}.Release|Any CPU.ActiveCfg = Release|Any CPU
		{C49CD3F8-BCDB-4BA9-B817-6A6C65452510}.Release|Any CPU.Build.0 = Release|Any CPU
		{1D9AB2DA-2C83-4F75-9499-8335AB3F7BB8}.Debug|Any CPU.ActiveCfg = Debug|Any CPU
		{1D9AB2DA-2C83-4F75-9499-8335AB3F7BB8}.Debug|Any CPU.Build.0 = Debug|Any CPU
		{1D9AB2DA-2C83-4F75-9499-8335AB3F7BB8}.Release|Any CPU.ActiveCfg = Release|Any CPU
		{1D9AB2DA-2C83-4F75-9499-8335AB3F7BB8}.Release|Any CPU.Build.0 = Release|Any CPU
		{4ED5A074-191B-4C07-BB5B-E3060E6F7720}.Debug|Any CPU.ActiveCfg = Debug|Any CPU
		{4ED5A074-191B-4C07-BB5B-E3060E6F7720}.Debug|Any CPU.Build.0 = Debug|Any CPU
		{4ED5A074-191B-4C07-BB5B-E3060E6F7720}.Release|Any CPU.ActiveCfg = Release|Any CPU
		{4ED5A074-191B-4C07-BB5B-E3060E6F7720}.Release|Any CPU.Build.0 = Release|Any CPU
		{FFCCBA78-489B-4D81-991E-1A508A77790A}.Debug|Any CPU.ActiveCfg = Debug|Any CPU
		{FFCCBA78-489B-4D81-991E-1A508A77790A}.Debug|Any CPU.Build.0 = Debug|Any CPU
		{FFCCBA78-489B-4D81-991E-1A508A77790A}.Release|Any CPU.ActiveCfg = Release|Any CPU
		{FFCCBA78-489B-4D81-991E-1A508A77790A}.Release|Any CPU.Build.0 = Release|Any CPU
		{F5F11478-D7CF-4FC4-9B87-02990D0D15C7}.Debug|Any CPU.ActiveCfg = Debug|Any CPU
		{F5F11478-D7CF-4FC4-9B87-02990D0D15C7}.Debug|Any CPU.Build.0 = Debug|Any CPU
		{F5F11478-D7CF-4FC4-9B87-02990D0D15C7}.Release|Any CPU.ActiveCfg = Release|Any CPU
		{F5F11478-D7CF-4FC4-9B87-02990D0D15C7}.Release|Any CPU.Build.0 = Release|Any CPU
	EndGlobalSection
	GlobalSection(SolutionProperties) = preSolution
		HideSolutionNode = FALSE
	EndGlobalSection
	GlobalSection(ExtensibilityGlobals) = postSolution
		SolutionGuid = {FEE6E80F-2F54-4CDD-AA40-461AC7D0F2D6}
	EndGlobalSection
	GlobalSection(CodealikeProperties) = postSolution
		SolutionGuid = 18c1a31e-4063-4902-9aad-882f3cfab5d4
	EndGlobalSection
EndGlobal
